
Microsoft Visual Studio Solution File, Format Version 12.00
# Visual Studio Version 16
VisualStudioVersion = 16.0.30011.22
MinimumVisualStudioVersion = 10.0.40219.1
Project("{FAE04EC0-301F-11D3-BF4B-00C04F79EFBC}") = "XamlAttributeComments", "XamlAttributeComments\XamlAttributeComments.csproj", "{FC609DC6-C8CE-4CA1-8995-73F80116B835}"
EndProject
Global
	GlobalSection(SolutionConfigurationPlatforms) = preSolution
		Debug|Any CPU = Debug|Any CPU
		Release|Any CPU = Release|Any CPU
	EndGlobalSection
	GlobalSection(ProjectConfigurationPlatforms) = postSolution
		{FC609DC6-C8CE-4CA1-8995-73F80116B835}.Debug|Any CPU.ActiveCfg = Debug|Any CPU
		{FC609DC6-C8CE-4CA1-8995-73F80116B835}.Debug|Any CPU.Build.0 = Debug|Any CPU
		{FC609DC6-C8CE-4CA1-8995-73F80116B835}.Release|Any CPU.ActiveCfg = Release|Any CPU
		{FC609DC6-C8CE-4CA1-8995-73F80116B835}.Release|Any CPU.Build.0 = Release|Any CPU
	EndGlobalSection
	GlobalSection(SolutionProperties) = preSolution
		HideSolutionNode = FALSE
	EndGlobalSection
	GlobalSection(ExtensibilityGlobals) = postSolution
		SolutionGuid = {2C2BF4C2-FC0B-4A75-A89A-BEC06CC292AF}
	EndGlobalSection
EndGlobal
